{
  "name": "trpc",
  "version": "1.0.0",
  "lockfileVersion": 3,
  "requires": true,
  "packages": {
    "": {
      "name": "trpc",
      "version": "1.0.0",
      "license": "ISC",
      "dependencies": {
        "@trpc/client": "^11.0.0-rc.599",
        "@trpc/server": "^11.0.0-rc.599",
        "zod": "^3.23.8"
      }
    },
    "node_modules/@trpc/client": {
      "version": "11.0.0-rc.599",
      "resolved": "https://registry.npmjs.org/@trpc/client/-/client-11.0.0-rc.599.tgz",
      "integrity": "sha512-CyfbV6c2pz1coJBkMDMfAP/pNpHLgSJD45EUSyVlDSYJVXtsONApi7jNhf8AHjjgsbSoFWb0LyAcWds0i1C0hg==",
      "funding": [
        "https://trpc.io/sponsor"
      ],
      "license": "MIT",
      "peerDependencies": {
        "@trpc/server": "11.0.0-rc.599+e16cd8d7c"
      }
    },
    "node_modules/@trpc/server": {
      "version": "11.0.0-rc.599",
      "resolved": "https://registry.npmjs.org/@trpc/server/-/server-11.0.0-rc.599.tgz",
      "integrity": "sha512-XhhinuXAH6Jsr6aCpJ7Q5DyIKaBh9moyMyqaBbnzPqeae5LzUCKuTNmCIT/yl5Nga7rfSB5VybVscQIYrXYDxg==",
      "funding": [
        "https://trpc.io/sponsor"
      ],
      "license": "MIT"
    },
    "node_modules/zod": {
      "version": "3.23.8",
      "resolved": "https://registry.npmjs.org/zod/-/zod-3.23.8.tgz",
      "integrity": "sha512-XBx9AXhXktjUqnepgTiE5flcKIYWi/rme0Eaj+5Y0lftuGBq+jyRu/md4WnuxqgP1ubdpNCsYEYPxrzVHD8d6g==",
      "license": "MIT",
      "funding": {
        "url": "https://github.com/sponsors/colinhacks"
      }
    }
  }
}
